
Microsoft Visual Studio Solution File, Format Version 12.00
# Visual Studio Version 17
VisualStudioVersion = 17.6.33829.357
MinimumVisualStudioVersion = 10.0.40219.1
Project("{FAE04EC0-301F-11D3-BF4B-00C04F79EFBC}") = "ElectronicJournalCourseProject.Data", "ElectronicJournalCourseProject.Data\ElectronicJournalCourseProject.Data.csproj", "{7D19D506-0778-4312-A6C8-F57D6C64E3A5}"
EndProject
Project("{FAE04EC0-301F-11D3-BF4B-00C04F79EFBC}") = "ElectronicJournalCourseProject.WPFApplication", "ElectronicJournalCourseProject.WPFApplication\ElectronicJournalCourseProject.WPFApplication.csproj", "{C9F14823-72E0-4BCF-B2B1-FB3E0177BAE8}"
EndProject
Global
	GlobalSection(SolutionConfigurationPlatforms) = preSolution
		Debug|Any CPU = Debug|Any CPU
		Release|Any CPU = Release|Any CPU
	EndGlobalSection
	GlobalSection(ProjectConfigurationPlatforms) = postSolution
		{7D19D506-0778-4312-A6C8-F57D6C64E3A5}.Debug|Any CPU.ActiveCfg = Debug|Any CPU
		{7D19D506-0778-4312-A6C8-F57D6C64E3A5}.Debug|Any CPU.Build.0 = Debug|Any CPU
		{7D19D506-0778-4312-A6C8-F57D6C64E3A5}.Release|Any CPU.ActiveCfg = Release|Any CPU
		{7D19D506-0778-4312-A6C8-F57D6C64E3A5}.Release|Any CPU.Build.0 = Release|Any CPU
		{C9F14823-72E0-4BCF-B2B1-FB3E0177BAE8}.Debug|Any CPU.ActiveCfg = Debug|Any CPU
		{C9F14823-72E0-4BCF-B2B1-FB3E0177BAE8}.Debug|Any CPU.Build.0 = Debug|Any CPU
		{C9F14823-72E0-4BCF-B2B1-FB3E0177BAE8}.Release|Any CPU.ActiveCfg = Release|Any CPU
		{C9F14823-72E0-4BCF-B2B1-FB3E0177BAE8}.Release|Any CPU.Build.0 = Release|Any CPU
	EndGlobalSection
	GlobalSection(SolutionProperties) = preSolution
		HideSolutionNode = FALSE
	EndGlobalSection
	GlobalSection(ExtensibilityGlobals) = postSolution
		SolutionGuid = {7CE5F246-2636-43E7-85E7-44622EA79AC1}
	EndGlobalSection
EndGlobal
