
Microsoft Visual Studio Solution File, Format Version 12.00
# Visual Studio Version 17
VisualStudioVersion = 17.6.33829.357
MinimumVisualStudioVersion = 10.0.40219.1
Project("{9A19103F-16F7-4668-BE54-9A1E7A4F7556}") = "ElectronicJournalCourseProject.Data", "ElectronicJournalCourseProject.Data\ElectronicJournalCourseProject.Data.csproj", "{7D19D506-0778-4312-A6C8-F57D6C64E3A5}"
EndProject
Project("{9A19103F-16F7-4668-BE54-9A1E7A4F7556}") = "ElectronicJournalCourseProject.WPFApplication", "ElectronicJournalCourseProject.WPFApplication\ElectronicJournalCourseProject.WPFApplication.csproj", "{C9F14823-72E0-4BCF-B2B1-FB3E0177BAE8}"
EndProject
Project("{2150E333-8FDC-42A3-9474-1A3956D46DE8}") = "Solution Items", "Solution Items", "{67ACA17F-3351-4439-B7E4-EF3038E11F63}"
	ProjectSection(SolutionItems) = preProject
		Appointments.json = Appointments.json
		Groups.json = Groups.json
		Lessons.json = Lessons.json
		LoadList.json = LoadList.json
		Marks.json = Marks.json
		Plan.json = Plan.json
		Specialties.json = Specialties.json
		Students.json = Students.json
		Subjects.json = Subjects.json
		Teachers.json = Teachers.json
	EndProjectSection
EndProject
Project("{9A19103F-16F7-4668-BE54-9A1E7A4F7556}") = "ElectronicJournalCourseProject.Tests", "ElectronicJournalCourseProject.Tests\ElectronicJournalCourseProject.Tests.csproj", "{9968A0F6-B438-4507-A1B8-E970F3CB551C}"
EndProject
Project("{FAE04EC0-301F-11D3-BF4B-00C04F79EFBC}") = "ElectronicJournalCourseProject.RepostExcelServise", "ElectronicJournalCourseProject.RepostExcelServise\ElectronicJournalCourseProject.RepostExcelServise.csproj", "{AABE4FE6-5538-44C3-BE71-47CD639ADEAB}"
EndProject
Global
	GlobalSection(SolutionConfigurationPlatforms) = preSolution
		Debug|Any CPU = Debug|Any CPU
		Release|Any CPU = Release|Any CPU
	EndGlobalSection
	GlobalSection(ProjectConfigurationPlatforms) = postSolution
		{7D19D506-0778-4312-A6C8-F57D6C64E3A5}.Debug|Any CPU.ActiveCfg = Debug|Any CPU
		{7D19D506-0778-4312-A6C8-F57D6C64E3A5}.Debug|Any CPU.Build.0 = Debug|Any CPU
		{7D19D506-0778-4312-A6C8-F57D6C64E3A5}.Release|Any CPU.ActiveCfg = Release|Any CPU
		{7D19D506-0778-4312-A6C8-F57D6C64E3A5}.Release|Any CPU.Build.0 = Release|Any CPU
		{C9F14823-72E0-4BCF-B2B1-FB3E0177BAE8}.Debug|Any CPU.ActiveCfg = Debug|Any CPU
		{C9F14823-72E0-4BCF-B2B1-FB3E0177BAE8}.Debug|Any CPU.Build.0 = Debug|Any CPU
		{C9F14823-72E0-4BCF-B2B1-FB3E0177BAE8}.Release|Any CPU.ActiveCfg = Release|Any CPU
		{C9F14823-72E0-4BCF-B2B1-FB3E0177BAE8}.Release|Any CPU.Build.0 = Release|Any CPU
		{9968A0F6-B438-4507-A1B8-E970F3CB551C}.Debug|Any CPU.ActiveCfg = Debug|Any CPU
		{9968A0F6-B438-4507-A1B8-E970F3CB551C}.Debug|Any CPU.Build.0 = Debug|Any CPU
		{9968A0F6-B438-4507-A1B8-E970F3CB551C}.Release|Any CPU.ActiveCfg = Release|Any CPU
		{9968A0F6-B438-4507-A1B8-E970F3CB551C}.Release|Any CPU.Build.0 = Release|Any CPU
		{AABE4FE6-5538-44C3-BE71-47CD639ADEAB}.Debug|Any CPU.ActiveCfg = Debug|Any CPU
		{AABE4FE6-5538-44C3-BE71-47CD639ADEAB}.Debug|Any CPU.Build.0 = Debug|Any CPU
		{AABE4FE6-5538-44C3-BE71-47CD639ADEAB}.Release|Any CPU.ActiveCfg = Release|Any CPU
		{AABE4FE6-5538-44C3-BE71-47CD639ADEAB}.Release|Any CPU.Build.0 = Release|Any CPU
	EndGlobalSection
	GlobalSection(SolutionProperties) = preSolution
		HideSolutionNode = FALSE
	EndGlobalSection
	GlobalSection(ExtensibilityGlobals) = postSolution
		SolutionGuid = {7CE5F246-2636-43E7-85E7-44622EA79AC1}
	EndGlobalSection
EndGlobal
